
Microsoft Visual Studio Solution File, Format Version 12.00
# Visual Studio Version 17
VisualStudioVersion = 17.3.32929.385
MinimumVisualStudioVersion = 10.0.40219.1
Project("{FAE04EC0-301F-11D3-BF4B-00C04F79EFBC}") = "WebApi", "WebApi\WebApi.csproj", "{1BAFBCBE-DB78-4777-9E6C-3F1FF871B368}"
EndProject
Project("{FAE04EC0-301F-11D3-BF4B-00C04F79EFBC}") = "Domain", "Domain\Domain.csproj", "{51B19686-7424-4A6D-9CB7-7AF4B4413EAC}"
EndProject
Project("{FAE04EC0-301F-11D3-BF4B-00C04F79EFBC}") = "DataAccessEF", "DataAccessEF\DataAccessEF.csproj", "{5BBFA015-1029-480A-ACF5-4F4598BCCB51}"
EndProject
Global
	GlobalSection(SolutionConfigurationPlatforms) = preSolution
		Debug|Any CPU = Debug|Any CPU
		Release|Any CPU = Release|Any CPU
	EndGlobalSection
	GlobalSection(ProjectConfigurationPlatforms) = postSolution
		{1BAFBCBE-DB78-4777-9E6C-3F1FF871B368}.Debug|Any CPU.ActiveCfg = Debug|Any CPU
		{1BAFBCBE-DB78-4777-9E6C-3F1FF871B368}.Debug|Any CPU.Build.0 = Debug|Any CPU
		{1BAFBCBE-DB78-4777-9E6C-3F1FF871B368}.Release|Any CPU.ActiveCfg = Release|Any CPU
		{1BAFBCBE-DB78-4777-9E6C-3F1FF871B368}.Release|Any CPU.Build.0 = Release|Any CPU
		{51B19686-7424-4A6D-9CB7-7AF4B4413EAC}.Debug|Any CPU.ActiveCfg = Debug|Any CPU
		{51B19686-7424-4A6D-9CB7-7AF4B4413EAC}.Debug|Any CPU.Build.0 = Debug|Any CPU
		{51B19686-7424-4A6D-9CB7-7AF4B4413EAC}.Release|Any CPU.ActiveCfg = Release|Any CPU
		{51B19686-7424-4A6D-9CB7-7AF4B4413EAC}.Release|Any CPU.Build.0 = Release|Any CPU
		{5BBFA015-1029-480A-ACF5-4F4598BCCB51}.Debug|Any CPU.ActiveCfg = Debug|Any CPU
		{5BBFA015-1029-480A-ACF5-4F4598BCCB51}.Debug|Any CPU.Build.0 = Debug|Any CPU
		{5BBFA015-1029-480A-ACF5-4F4598BCCB51}.Release|Any CPU.ActiveCfg = Release|Any CPU
		{5BBFA015-1029-480A-ACF5-4F4598BCCB51}.Release|Any CPU.Build.0 = Release|Any CPU
	EndGlobalSection
	GlobalSection(SolutionProperties) = preSolution
		HideSolutionNode = FALSE
	EndGlobalSection
	GlobalSection(ExtensibilityGlobals) = postSolution
		SolutionGuid = {AF51A814-4FCE-4E43-B881-DB9B3E997963}
	EndGlobalSection
EndGlobal
